<?xml version="1.0" encoding="utf-8"?>
<Project ToolsVersion="4.0" xmlns="http://schemas.microsoft.com/developer/msbuild/2003">
  <ItemGroup>
    <Filter Include="External Libraries">
      <UniqueIdentifier>{bfd3402f-6564-4cce-b360-723551bb53b7}</UniqueIdentifier>
    </Filter>
    <Filter Include="UI Items">
      <UniqueIdentifier>{1237ddf1-0e57-4db9-a2d4-8aba45c7cb6c}</UniqueIdentifier>
    </Filter>
    <Filter Include="Containers">
      <UniqueIdentifier>{c2706d87-2a4d-4cc8-95dd-ba9dfd8aba46}</UniqueIdentifier>
    </Filter>
    <Filter Include="Utilities">
      <UniqueIdentifier>{215b5ca9-2388-4425-b9b9-4aaed59f3786}</UniqueIdentifier>
    </Filter>
    <Filter Include="Editor">
      <UniqueIdentifier>{429c6265-88eb-4f5a-92e6-f432b0c6eae6}</UniqueIdentifier>
    </Filter>
    <Filter Include="External Libraries\ImGui">
      <UniqueIdentifier>{c60f0c1e-ab9f-49a2-8693-7c7a19411079}</UniqueIdentifier>
    </Filter>
    <Filter Include="External Libraries\ImGui\Dock">
      <UniqueIdentifier>{01c0fc2e-e6b7-47dc-b21e-72eae191eaa8}</UniqueIdentifier>
    </Filter>
    <Filter Include="Editor\MyDock">
      <UniqueIdentifier>{57a82c5f-8216-4c60-99e1-4b7ec71d4fa0}</UniqueIdentifier>
    </Filter>
  </ItemGroup>
  <ItemGroup>
    <ClCompile Include="Source Code\UI_Item.cpp">
      <Filter>UI Items</Filter>
    </ClCompile>
    <ClCompile Include="Source Code\Main.cpp" />
    <ClCompile Include="Source Code\ThorUI.cpp" />
    <ClCompile Include="Source Code\Log.cpp">
      <Filter>Utilities</Filter>
    </ClCompile>
    <ClCompile Include="Source Code\UI_Button.cpp">
      <Filter>UI Items</Filter>
    </ClCompile>
    <ClCompile Include="Source Code\UI_Image.cpp">
      <Filter>UI Items</Filter>
    </ClCompile>
    <ClCompile Include="Source Code\UI_Text.cpp">
      <Filter>UI Items</Filter>
    </ClCompile>
    <ClCompile Include="Source Code\Editor.cpp">
      <Filter>Editor</Filter>
    </ClCompile>
    <ClCompile Include="Source Code\External Libraries\ImGui\imgui.cpp">
      <Filter>External Libraries\ImGui</Filter>
    </ClCompile>
    <ClCompile Include="Source Code\External Libraries\ImGui\imgui_demo.cpp">
      <Filter>External Libraries\ImGui</Filter>
    </ClCompile>
    <ClCompile Include="Source Code\External Libraries\ImGui\imgui_draw.cpp">
      <Filter>External Libraries\ImGui</Filter>
    </ClCompile>
    <ClCompile Include="Source Code\External Libraries\ImGui\imgui_impl_sdl_gl3.cpp">
      <Filter>External Libraries\ImGui</Filter>
    </ClCompile>
    <ClCompile Include="Source Code\FileSystem.cpp">
      <Filter>Editor</Filter>
    </ClCompile>
    <ClCompile Include="Source Code\Config.cpp">
      <Filter>Utilities</Filter>
    </ClCompile>
    <ClCompile Include="Source Code\External Libraries\parson\parson.c">
      <Filter>External Libraries</Filter>
    </ClCompile>
    <ClCompile Include="Source Code\Dock.cpp">
      <Filter>Editor\MyDock</Filter>
    </ClCompile>
    <ClCompile Include="Source Code\External Libraries\ImGui\Dock\imgui_dock.cpp">
      <Filter>External Libraries\ImGui\Dock</Filter>
    </ClCompile>
  </ItemGroup>
  <ItemGroup>
    <ClInclude Include="Source Code\UI_Item.h">
      <Filter>UI Items</Filter>
    </ClInclude>
    <ClInclude Include="Source Code\Vec2.h">
      <Filter>Containers</Filter>
    </ClInclude>
    <ClInclude Include="Source Code\ThorUI.h" />
    <ClInclude Include="Source Code\Log.h">
      <Filter>Utilities</Filter>
    </ClInclude>
    <ClInclude Include="Source Code\Color.h">
      <Filter>Containers</Filter>
    </ClInclude>
    <ClInclude Include="Source Code\UI_Button.h">
      <Filter>UI Items</Filter>
    </ClInclude>
    <ClInclude Include="Source Code\UI_Image.h">
      <Filter>UI Items</Filter>
    </ClInclude>
    <ClInclude Include="Source Code\UI_Text.h">
      <Filter>UI Items</Filter>
    </ClInclude>
    <ClInclude Include="Source Code\Editor.h">
      <Filter>Editor</Filter>
    </ClInclude>
    <ClInclude Include="Source Code\External Libraries\ImGui\imconfig.h">
      <Filter>External Libraries\ImGui</Filter>
    </ClInclude>
    <ClInclude Include="Source Code\External Libraries\ImGui\imgui.h">
      <Filter>External Libraries\ImGui</Filter>
    </ClInclude>
    <ClInclude Include="Source Code\External Libraries\ImGui\imgui_impl_sdl_gl3.h">
      <Filter>External Libraries\ImGui</Filter>
    </ClInclude>
    <ClInclude Include="Source Code\External Libraries\ImGui\imgui_internal.h">
      <Filter>External Libraries\ImGui</Filter>
    </ClInclude>
    <ClInclude Include="Source Code\External Libraries\ImGui\stb_rect_pack.h">
      <Filter>External Libraries\ImGui</Filter>
    </ClInclude>
    <ClInclude Include="Source Code\External Libraries\ImGui\stb_textedit.h">
      <Filter>External Libraries\ImGui</Filter>
    </ClInclude>
    <ClInclude Include="Source Code\External Libraries\ImGui\stb_truetype.h">
      <Filter>External Libraries\ImGui</Filter>
    </ClInclude>
    <ClInclude Include="Source Code\FileSystem.h">
      <Filter>Editor</Filter>
    </ClInclude>
    <ClInclude Include="Source Code\Config.h">
      <Filter>Utilities</Filter>
    </ClInclude>
    <ClInclude Include="Source Code\External Libraries\parson\parson.h">
      <Filter>External Libraries</Filter>
    </ClInclude>
    <ClInclude Include="Source Code\External Libraries\ImGui\Dock\imgui_dock.h">
      <Filter>External Libraries\ImGui\Dock</Filter>
    </ClInclude>
    <ClInclude Include="Source Code\Dock.h">
      <Filter>Editor\MyDock</Filter>
    </ClInclude>
  </ItemGroup>
</Project>